
Microsoft Visual Studio Solution File, Format Version 12.00
# Visual Studio Version 17
VisualStudioVersion = 17.14.36408.4
MinimumVisualStudioVersion = 10.0.40219.1
Project("{FAE04EC0-301F-11D3-BF4B-00C04F79EFBC}") = "LexiDiff", "LexiDiff\LexiDiff.csproj", "{52ED1F31-074A-4F6F-8C79-89DA92E2108F}"
EndProject
Project("{FAE04EC0-301F-11D3-BF4B-00C04F79EFBC}") = "LexiDiff.Tests", "LexDiff.Tests\LexiDiff.Tests.csproj", "{DB8446E8-7982-4FDF-ACD2-957D9B9339A0}"
EndProject
Project("{FAE04EC0-301F-11D3-BF4B-00C04F79EFBC}") = "Snowball", "Snowball\Snowball.csproj", "{7F483D41-0C02-4F25-BC63-63552645E316}"
EndProject
Project("{FAE04EC0-301F-11D3-BF4B-00C04F79EFBC}") = "LexiDiff.Sample", "LexDiff.Sample\LexiDiff.Sample.csproj", "{DD732FA1-4F25-4A75-99C0-B1621F8D3728}"
EndProject
Global
	GlobalSection(SolutionConfigurationPlatforms) = preSolution
		Debug|Any CPU = Debug|Any CPU
		Release|Any CPU = Release|Any CPU
	EndGlobalSection
	GlobalSection(ProjectConfigurationPlatforms) = postSolution
		{52ED1F31-074A-4F6F-8C79-89DA92E2108F}.Debug|Any CPU.ActiveCfg = Debug|Any CPU
		{52ED1F31-074A-4F6F-8C79-89DA92E2108F}.Debug|Any CPU.Build.0 = Debug|Any CPU
		{52ED1F31-074A-4F6F-8C79-89DA92E2108F}.Release|Any CPU.ActiveCfg = Release|Any CPU
		{52ED1F31-074A-4F6F-8C79-89DA92E2108F}.Release|Any CPU.Build.0 = Release|Any CPU
		{DB8446E8-7982-4FDF-ACD2-957D9B9339A0}.Debug|Any CPU.ActiveCfg = Debug|Any CPU
		{DB8446E8-7982-4FDF-ACD2-957D9B9339A0}.Debug|Any CPU.Build.0 = Debug|Any CPU
		{DB8446E8-7982-4FDF-ACD2-957D9B9339A0}.Release|Any CPU.ActiveCfg = Release|Any CPU
		{DB8446E8-7982-4FDF-ACD2-957D9B9339A0}.Release|Any CPU.Build.0 = Release|Any CPU
		{7F483D41-0C02-4F25-BC63-63552645E316}.Debug|Any CPU.ActiveCfg = Debug|Any CPU
		{7F483D41-0C02-4F25-BC63-63552645E316}.Debug|Any CPU.Build.0 = Debug|Any CPU
		{7F483D41-0C02-4F25-BC63-63552645E316}.Release|Any CPU.ActiveCfg = Release|Any CPU
		{7F483D41-0C02-4F25-BC63-63552645E316}.Release|Any CPU.Build.0 = Release|Any CPU
		{DD732FA1-4F25-4A75-99C0-B1621F8D3728}.Debug|Any CPU.ActiveCfg = Debug|Any CPU
		{DD732FA1-4F25-4A75-99C0-B1621F8D3728}.Debug|Any CPU.Build.0 = Debug|Any CPU
		{DD732FA1-4F25-4A75-99C0-B1621F8D3728}.Release|Any CPU.ActiveCfg = Release|Any CPU
		{DD732FA1-4F25-4A75-99C0-B1621F8D3728}.Release|Any CPU.Build.0 = Release|Any CPU
	EndGlobalSection
	GlobalSection(SolutionProperties) = preSolution
		HideSolutionNode = FALSE
	EndGlobalSection
	GlobalSection(ExtensibilityGlobals) = postSolution
		SolutionGuid = {ADD5B741-6113-4A0F-90B2-1EBB2DDAE9B3}
	EndGlobalSection
EndGlobal
